
Microsoft Visual Studio Solution File, Format Version 12.00
# Visual Studio Version 16
VisualStudioVersion = 16.0.29215.179
MinimumVisualStudioVersion = 10.0.40219.1
Project("{8BC9CEB8-8B4A-11D0-8D11-00A0C91BC942}") = "E3.1 - for-loop", "E3.1 - for-loop\E3.1 - for-loop.vcxproj", "{966B151E-F4D0-46BA-A541-9817BEDA3370}"
EndProject
Project("{8BC9CEB8-8B4A-11D0-8D11-00A0C91BC942}") = "E3.3 - trafikstyring 2", "E3.3 - trafikstyring 2\E3.3 - trafikstyring 2.vcxproj", "{F322F343-8FF6-447B-BE79-58385FC7BCC8}"
EndProject
Project("{8BC9CEB8-8B4A-11D0-8D11-00A0C91BC942}") = "E3.5 - trafikstyring 4", "E3.5 - trafikstyring 4\E3.5 - trafikstyring 4.vcxproj", "{6CF0E40F-7563-4F81-AC8E-84474DC92739}"
EndProject
Project("{8BC9CEB8-8B4A-11D0-8D11-00A0C91BC942}") = "E3.2 - trafikstyring 1", "E3.2 - trafikstyring 1\E3.2 - trafikstyring 1.vcxproj", "{E04CD205-3C35-459E-AD06-45C8CE0A513A}"
EndProject
Project("{8BC9CEB8-8B4A-11D0-8D11-00A0C91BC942}") = "E3.4 - trafikstyring 3", "E3.4 - trafikstyring 3\E3.4 - trafikstyring 3.vcxproj", "{7EEC6188-132E-4CFA-A18A-CF8EE7A9A3AA}"
EndProject
Project("{8BC9CEB8-8B4A-11D0-8D11-00A0C91BC942}") = "H3.1", "H3.1\H3.1.vcxproj", "{4FB9E447-0AFB-4889-A982-408F67B66EC5}"
EndProject
Project("{8BC9CEB8-8B4A-11D0-8D11-00A0C91BC942}") = "H3.2", "H3.2\H3.2.vcxproj", "{A2D07F59-D801-4812-A9D6-D7A3FE52358A}"
EndProject
Project("{8BC9CEB8-8B4A-11D0-8D11-00A0C91BC942}") = "H3.3", "H3.3\H3.3.vcxproj", "{A420E62A-09AD-4DCB-A266-FFF108D943F5}"
EndProject
Project("{8BC9CEB8-8B4A-11D0-8D11-00A0C91BC942}") = "H3.6", "H3.6\H3.6.vcxproj", "{3CC08482-62B4-470A-B7F6-4B89A9B39D85}"
EndProject
Global
	GlobalSection(SolutionConfigurationPlatforms) = preSolution
		Debug|x64 = Debug|x64
		Debug|x86 = Debug|x86
		Release|x64 = Release|x64
		Release|x86 = Release|x86
	EndGlobalSection
	GlobalSection(ProjectConfigurationPlatforms) = postSolution
		{966B151E-F4D0-46BA-A541-9817BEDA3370}.Debug|x64.ActiveCfg = Debug|x64
		{966B151E-F4D0-46BA-A541-9817BEDA3370}.Debug|x64.Build.0 = Debug|x64
		{966B151E-F4D0-46BA-A541-9817BEDA3370}.Debug|x86.ActiveCfg = Debug|Win32
		{966B151E-F4D0-46BA-A541-9817BEDA3370}.Debug|x86.Build.0 = Debug|Win32
		{966B151E-F4D0-46BA-A541-9817BEDA3370}.Release|x64.ActiveCfg = Release|x64
		{966B151E-F4D0-46BA-A541-9817BEDA3370}.Release|x64.Build.0 = Release|x64
		{966B151E-F4D0-46BA-A541-9817BEDA3370}.Release|x86.ActiveCfg = Release|Win32
		{966B151E-F4D0-46BA-A541-9817BEDA3370}.Release|x86.Build.0 = Release|Win32
		{F322F343-8FF6-447B-BE79-58385FC7BCC8}.Debug|x64.ActiveCfg = Debug|x64
		{F322F343-8FF6-447B-BE79-58385FC7BCC8}.Debug|x64.Build.0 = Debug|x64
		{F322F343-8FF6-447B-BE79-58385FC7BCC8}.Debug|x86.ActiveCfg = Debug|Win32
		{F322F343-8FF6-447B-BE79-58385FC7BCC8}.Debug|x86.Build.0 = Debug|Win32
		{F322F343-8FF6-447B-BE79-58385FC7BCC8}.Release|x64.ActiveCfg = Release|x64
		{F322F343-8FF6-447B-BE79-58385FC7BCC8}.Release|x64.Build.0 = Release|x64
		{F322F343-8FF6-447B-BE79-58385FC7BCC8}.Release|x86.ActiveCfg = Release|Win32
		{F322F343-8FF6-447B-BE79-58385FC7BCC8}.Release|x86.Build.0 = Release|Win32
		{6CF0E40F-7563-4F81-AC8E-84474DC92739}.Debug|x64.ActiveCfg = Debug|x64
		{6CF0E40F-7563-4F81-AC8E-84474DC92739}.Debug|x64.Build.0 = Debug|x64
		{6CF0E40F-7563-4F81-AC8E-84474DC92739}.Debug|x86.ActiveCfg = Debug|Win32
		{6CF0E40F-7563-4F81-AC8E-84474DC92739}.Debug|x86.Build.0 = Debug|Win32
		{6CF0E40F-7563-4F81-AC8E-84474DC92739}.Release|x64.ActiveCfg = Release|x64
		{6CF0E40F-7563-4F81-AC8E-84474DC92739}.Release|x64.Build.0 = Release|x64
		{6CF0E40F-7563-4F81-AC8E-84474DC92739}.Release|x86.ActiveCfg = Release|Win32
		{6CF0E40F-7563-4F81-AC8E-84474DC92739}.Release|x86.Build.0 = Release|Win32
		{E04CD205-3C35-459E-AD06-45C8CE0A513A}.Debug|x64.ActiveCfg = Debug|x64
		{E04CD205-3C35-459E-AD06-45C8CE0A513A}.Debug|x64.Build.0 = Debug|x64
		{E04CD205-3C35-459E-AD06-45C8CE0A513A}.Debug|x86.ActiveCfg = Debug|Win32
		{E04CD205-3C35-459E-AD06-45C8CE0A513A}.Debug|x86.Build.0 = Debug|Win32
		{E04CD205-3C35-459E-AD06-45C8CE0A513A}.Release|x64.ActiveCfg = Release|x64
		{E04CD205-3C35-459E-AD06-45C8CE0A513A}.Release|x64.Build.0 = Release|x64
		{E04CD205-3C35-459E-AD06-45C8CE0A513A}.Release|x86.ActiveCfg = Release|Win32
		{E04CD205-3C35-459E-AD06-45C8CE0A513A}.Release|x86.Build.0 = Release|Win32
		{7EEC6188-132E-4CFA-A18A-CF8EE7A9A3AA}.Debug|x64.ActiveCfg = Debug|x64
		{7EEC6188-132E-4CFA-A18A-CF8EE7A9A3AA}.Debug|x64.Build.0 = Debug|x64
		{7EEC6188-132E-4CFA-A18A-CF8EE7A9A3AA}.Debug|x86.ActiveCfg = Debug|Win32
		{7EEC6188-132E-4CFA-A18A-CF8EE7A9A3AA}.Debug|x86.Build.0 = Debug|Win32
		{7EEC6188-132E-4CFA-A18A-CF8EE7A9A3AA}.Release|x64.ActiveCfg = Release|x64
		{7EEC6188-132E-4CFA-A18A-CF8EE7A9A3AA}.Release|x64.Build.0 = Release|x64
		{7EEC6188-132E-4CFA-A18A-CF8EE7A9A3AA}.Release|x86.ActiveCfg = Release|Win32
		{7EEC6188-132E-4CFA-A18A-CF8EE7A9A3AA}.Release|x86.Build.0 = Release|Win32
		{4FB9E447-0AFB-4889-A982-408F67B66EC5}.Debug|x64.ActiveCfg = Debug|x64
		{4FB9E447-0AFB-4889-A982-408F67B66EC5}.Debug|x64.Build.0 = Debug|x64
		{4FB9E447-0AFB-4889-A982-408F67B66EC5}.Debug|x86.ActiveCfg = Debug|Win32
		{4FB9E447-0AFB-4889-A982-408F67B66EC5}.Debug|x86.Build.0 = Debug|Win32
		{4FB9E447-0AFB-4889-A982-408F67B66EC5}.Release|x64.ActiveCfg = Release|x64
		{4FB9E447-0AFB-4889-A982-408F67B66EC5}.Release|x64.Build.0 = Release|x64
		{4FB9E447-0AFB-4889-A982-408F67B66EC5}.Release|x86.ActiveCfg = Release|Win32
		{4FB9E447-0AFB-4889-A982-408F67B66EC5}.Release|x86.Build.0 = Release|Win32
		{A2D07F59-D801-4812-A9D6-D7A3FE52358A}.Debug|x64.ActiveCfg = Debug|x64
		{A2D07F59-D801-4812-A9D6-D7A3FE52358A}.Debug|x64.Build.0 = Debug|x64
		{A2D07F59-D801-4812-A9D6-D7A3FE52358A}.Debug|x86.ActiveCfg = Debug|Win32
		{A2D07F59-D801-4812-A9D6-D7A3FE52358A}.Debug|x86.Build.0 = Debug|Win32
		{A2D07F59-D801-4812-A9D6-D7A3FE52358A}.Release|x64.ActiveCfg = Release|x64
		{A2D07F59-D801-4812-A9D6-D7A3FE52358A}.Release|x64.Build.0 = Release|x64
		{A2D07F59-D801-4812-A9D6-D7A3FE52358A}.Release|x86.ActiveCfg = Release|Win32
		{A2D07F59-D801-4812-A9D6-D7A3FE52358A}.Release|x86.Build.0 = Release|Win32
		{A420E62A-09AD-4DCB-A266-FFF108D943F5}.Debug|x64.ActiveCfg = Debug|x64
		{A420E62A-09AD-4DCB-A266-FFF108D943F5}.Debug|x64.Build.0 = Debug|x64
		{A420E62A-09AD-4DCB-A266-FFF108D943F5}.Debug|x86.ActiveCfg = Debug|Win32
		{A420E62A-09AD-4DCB-A266-FFF108D943F5}.Debug|x86.Build.0 = Debug|Win32
		{A420E62A-09AD-4DCB-A266-FFF108D943F5}.Release|x64.ActiveCfg = Release|x64
		{A420E62A-09AD-4DCB-A266-FFF108D943F5}.Release|x64.Build.0 = Release|x64
		{A420E62A-09AD-4DCB-A266-FFF108D943F5}.Release|x86.ActiveCfg = Release|Win32
		{A420E62A-09AD-4DCB-A266-FFF108D943F5}.Release|x86.Build.0 = Release|Win32
		{3CC08482-62B4-470A-B7F6-4B89A9B39D85}.Debug|x64.ActiveCfg = Debug|x64
		{3CC08482-62B4-470A-B7F6-4B89A9B39D85}.Debug|x64.Build.0 = Debug|x64
		{3CC08482-62B4-470A-B7F6-4B89A9B39D85}.Debug|x86.ActiveCfg = Debug|Win32
		{3CC08482-62B4-470A-B7F6-4B89A9B39D85}.Debug|x86.Build.0 = Debug|Win32
		{3CC08482-62B4-470A-B7F6-4B89A9B39D85}.Release|x64.ActiveCfg = Release|x64
		{3CC08482-62B4-470A-B7F6-4B89A9B39D85}.Release|x64.Build.0 = Release|x64
		{3CC08482-62B4-470A-B7F6-4B89A9B39D85}.Release|x86.ActiveCfg = Release|Win32
		{3CC08482-62B4-470A-B7F6-4B89A9B39D85}.Release|x86.Build.0 = Release|Win32
	EndGlobalSection
	GlobalSection(SolutionProperties) = preSolution
		HideSolutionNode = FALSE
	EndGlobalSection
	GlobalSection(ExtensibilityGlobals) = postSolution
		SolutionGuid = {133DF6EF-CE9A-4C79-99EB-9B7F65C03D6F}
	EndGlobalSection
EndGlobal
